
Microsoft Visual Studio Solution File, Format Version 12.00
# Visual Studio Version 16
VisualStudioVersion = 16.0.30114.105
MinimumVisualStudioVersion = 10.0.40219.1
Project("{2150E333-8FDC-42A3-9474-1A3956D46DE8}") = "Services", "Services", "{7CB11D4E-7FB3-42E2-B943-93182276643C}"
EndProject
Project("{2150E333-8FDC-42A3-9474-1A3956D46DE8}") = "Catalog", "Catalog", "{6A0F74F2-A016-4A6D-8EAB-E0238FBE51AE}"
EndProject
Project("{FAE04EC0-301F-11D3-BF4B-00C04F79EFBC}") = "Catalog.API", "Services\Catalog\Catalog.API\Catalog.API.csproj", "{5C78072A-4743-441C-855A-FB8E5A27D0D5}"
EndProject
Project("{2150E333-8FDC-42A3-9474-1A3956D46DE8}") = "Basket", "Basket", "{BF08BE9B-8ABD-49CA-B3AC-756357C8D5E5}"
EndProject
Project("{FAE04EC0-301F-11D3-BF4B-00C04F79EFBC}") = "Basket.API", "Services\Basket\Basket.API\Basket.API.csproj", "{9236D0CE-2089-4319-8ED5-8AA4ED804539}"
EndProject
Project("{2150E333-8FDC-42A3-9474-1A3956D46DE8}") = "Discount", "Discount", "{AFE8F98E-5245-4A91-AC73-5E7B32A6C8C2}"
EndProject
Project("{FAE04EC0-301F-11D3-BF4B-00C04F79EFBC}") = "Discount.API", "Services\Discount\Discount.API\Discount.API.csproj", "{7AB703E3-B519-44D5-B812-4A319A5F7981}"
EndProject
Project("{FAE04EC0-301F-11D3-BF4B-00C04F79EFBC}") = "Discount.Grpc", "Services\Discount\Discount.Grpc\Discount.Grpc.csproj", "{63B8E9AD-B29E-4EB3-B798-D372463D748C}"
EndProject
Project("{2150E333-8FDC-42A3-9474-1A3956D46DE8}") = "Ordering", "Ordering", "{2DB41BDF-19C2-4AB2-9F4D-1E349BCA44C4}"
EndProject
Project("{FAE04EC0-301F-11D3-BF4B-00C04F79EFBC}") = "Ordering.API", "Services\Ordering\Ordering.API\Ordering.API.csproj", "{DE070B02-1470-4D53-9AD2-ADEE8261C651}"
EndProject
Project("{FAE04EC0-301F-11D3-BF4B-00C04F79EFBC}") = "Ordering.Application", "Services\Ordering\Ordering.Application\Ordering.Application.csproj", "{04076DF5-9C89-4084-AB69-18D166609887}"
EndProject
Project("{FAE04EC0-301F-11D3-BF4B-00C04F79EFBC}") = "Ordering.Domain", "Services\Ordering\Ordering.Domain\Ordering.Domain.csproj", "{4D0D5042-465E-41A4-97C9-28EEDE591752}"
EndProject
Project("{FAE04EC0-301F-11D3-BF4B-00C04F79EFBC}") = "Ordering.Infrastructure", "Services\Ordering\Ordering.Infrastructure\Ordering.Infrastructure.csproj", "{52945F2E-BE2E-456D-B2D7-72FA7B38F89A}"
EndProject
Global
	GlobalSection(SolutionConfigurationPlatforms) = preSolution
		Debug|Any CPU = Debug|Any CPU
		Debug|x64 = Debug|x64
		Debug|x86 = Debug|x86
		Release|Any CPU = Release|Any CPU
		Release|x64 = Release|x64
		Release|x86 = Release|x86
	EndGlobalSection
	GlobalSection(SolutionProperties) = preSolution
		HideSolutionNode = FALSE
	EndGlobalSection
	GlobalSection(ProjectConfigurationPlatforms) = postSolution
		{5C78072A-4743-441C-855A-FB8E5A27D0D5}.Debug|Any CPU.ActiveCfg = Debug|Any CPU
		{5C78072A-4743-441C-855A-FB8E5A27D0D5}.Debug|Any CPU.Build.0 = Debug|Any CPU
		{5C78072A-4743-441C-855A-FB8E5A27D0D5}.Debug|x64.ActiveCfg = Debug|Any CPU
		{5C78072A-4743-441C-855A-FB8E5A27D0D5}.Debug|x64.Build.0 = Debug|Any CPU
		{5C78072A-4743-441C-855A-FB8E5A27D0D5}.Debug|x86.ActiveCfg = Debug|Any CPU
		{5C78072A-4743-441C-855A-FB8E5A27D0D5}.Debug|x86.Build.0 = Debug|Any CPU
		{5C78072A-4743-441C-855A-FB8E5A27D0D5}.Release|Any CPU.ActiveCfg = Release|Any CPU
		{5C78072A-4743-441C-855A-FB8E5A27D0D5}.Release|Any CPU.Build.0 = Release|Any CPU
		{5C78072A-4743-441C-855A-FB8E5A27D0D5}.Release|x64.ActiveCfg = Release|Any CPU
		{5C78072A-4743-441C-855A-FB8E5A27D0D5}.Release|x64.Build.0 = Release|Any CPU
		{5C78072A-4743-441C-855A-FB8E5A27D0D5}.Release|x86.ActiveCfg = Release|Any CPU
		{5C78072A-4743-441C-855A-FB8E5A27D0D5}.Release|x86.Build.0 = Release|Any CPU
		{9236D0CE-2089-4319-8ED5-8AA4ED804539}.Debug|Any CPU.ActiveCfg = Debug|Any CPU
		{9236D0CE-2089-4319-8ED5-8AA4ED804539}.Debug|Any CPU.Build.0 = Debug|Any CPU
		{9236D0CE-2089-4319-8ED5-8AA4ED804539}.Debug|x64.ActiveCfg = Debug|Any CPU
		{9236D0CE-2089-4319-8ED5-8AA4ED804539}.Debug|x64.Build.0 = Debug|Any CPU
		{9236D0CE-2089-4319-8ED5-8AA4ED804539}.Debug|x86.ActiveCfg = Debug|Any CPU
		{9236D0CE-2089-4319-8ED5-8AA4ED804539}.Debug|x86.Build.0 = Debug|Any CPU
		{9236D0CE-2089-4319-8ED5-8AA4ED804539}.Release|Any CPU.ActiveCfg = Release|Any CPU
		{9236D0CE-2089-4319-8ED5-8AA4ED804539}.Release|Any CPU.Build.0 = Release|Any CPU
		{9236D0CE-2089-4319-8ED5-8AA4ED804539}.Release|x64.ActiveCfg = Release|Any CPU
		{9236D0CE-2089-4319-8ED5-8AA4ED804539}.Release|x64.Build.0 = Release|Any CPU
		{9236D0CE-2089-4319-8ED5-8AA4ED804539}.Release|x86.ActiveCfg = Release|Any CPU
		{9236D0CE-2089-4319-8ED5-8AA4ED804539}.Release|x86.Build.0 = Release|Any CPU
		{7AB703E3-B519-44D5-B812-4A319A5F7981}.Debug|Any CPU.ActiveCfg = Debug|Any CPU
		{7AB703E3-B519-44D5-B812-4A319A5F7981}.Debug|Any CPU.Build.0 = Debug|Any CPU
		{7AB703E3-B519-44D5-B812-4A319A5F7981}.Debug|x64.ActiveCfg = Debug|Any CPU
		{7AB703E3-B519-44D5-B812-4A319A5F7981}.Debug|x64.Build.0 = Debug|Any CPU
		{7AB703E3-B519-44D5-B812-4A319A5F7981}.Debug|x86.ActiveCfg = Debug|Any CPU
		{7AB703E3-B519-44D5-B812-4A319A5F7981}.Debug|x86.Build.0 = Debug|Any CPU
		{7AB703E3-B519-44D5-B812-4A319A5F7981}.Release|Any CPU.ActiveCfg = Release|Any CPU
		{7AB703E3-B519-44D5-B812-4A319A5F7981}.Release|Any CPU.Build.0 = Release|Any CPU
		{7AB703E3-B519-44D5-B812-4A319A5F7981}.Release|x64.ActiveCfg = Release|Any CPU
		{7AB703E3-B519-44D5-B812-4A319A5F7981}.Release|x64.Build.0 = Release|Any CPU
		{7AB703E3-B519-44D5-B812-4A319A5F7981}.Release|x86.ActiveCfg = Release|Any CPU
		{7AB703E3-B519-44D5-B812-4A319A5F7981}.Release|x86.Build.0 = Release|Any CPU
		{63B8E9AD-B29E-4EB3-B798-D372463D748C}.Debug|Any CPU.ActiveCfg = Debug|Any CPU
		{63B8E9AD-B29E-4EB3-B798-D372463D748C}.Debug|Any CPU.Build.0 = Debug|Any CPU
		{63B8E9AD-B29E-4EB3-B798-D372463D748C}.Debug|x64.ActiveCfg = Debug|Any CPU
		{63B8E9AD-B29E-4EB3-B798-D372463D748C}.Debug|x64.Build.0 = Debug|Any CPU
		{63B8E9AD-B29E-4EB3-B798-D372463D748C}.Debug|x86.ActiveCfg = Debug|Any CPU
		{63B8E9AD-B29E-4EB3-B798-D372463D748C}.Debug|x86.Build.0 = Debug|Any CPU
		{63B8E9AD-B29E-4EB3-B798-D372463D748C}.Release|Any CPU.ActiveCfg = Release|Any CPU
		{63B8E9AD-B29E-4EB3-B798-D372463D748C}.Release|Any CPU.Build.0 = Release|Any CPU
		{63B8E9AD-B29E-4EB3-B798-D372463D748C}.Release|x64.ActiveCfg = Release|Any CPU
		{63B8E9AD-B29E-4EB3-B798-D372463D748C}.Release|x64.Build.0 = Release|Any CPU
		{63B8E9AD-B29E-4EB3-B798-D372463D748C}.Release|x86.ActiveCfg = Release|Any CPU
		{63B8E9AD-B29E-4EB3-B798-D372463D748C}.Release|x86.Build.0 = Release|Any CPU
		{DE070B02-1470-4D53-9AD2-ADEE8261C651}.Debug|Any CPU.ActiveCfg = Debug|Any CPU
		{DE070B02-1470-4D53-9AD2-ADEE8261C651}.Debug|Any CPU.Build.0 = Debug|Any CPU
		{DE070B02-1470-4D53-9AD2-ADEE8261C651}.Debug|x64.ActiveCfg = Debug|Any CPU
		{DE070B02-1470-4D53-9AD2-ADEE8261C651}.Debug|x64.Build.0 = Debug|Any CPU
		{DE070B02-1470-4D53-9AD2-ADEE8261C651}.Debug|x86.ActiveCfg = Debug|Any CPU
		{DE070B02-1470-4D53-9AD2-ADEE8261C651}.Debug|x86.Build.0 = Debug|Any CPU
		{DE070B02-1470-4D53-9AD2-ADEE8261C651}.Release|Any CPU.ActiveCfg = Release|Any CPU
		{DE070B02-1470-4D53-9AD2-ADEE8261C651}.Release|Any CPU.Build.0 = Release|Any CPU
		{DE070B02-1470-4D53-9AD2-ADEE8261C651}.Release|x64.ActiveCfg = Release|Any CPU
		{DE070B02-1470-4D53-9AD2-ADEE8261C651}.Release|x64.Build.0 = Release|Any CPU
		{DE070B02-1470-4D53-9AD2-ADEE8261C651}.Release|x86.ActiveCfg = Release|Any CPU
		{DE070B02-1470-4D53-9AD2-ADEE8261C651}.Release|x86.Build.0 = Release|Any CPU
		{04076DF5-9C89-4084-AB69-18D166609887}.Debug|Any CPU.ActiveCfg = Debug|Any CPU
		{04076DF5-9C89-4084-AB69-18D166609887}.Debug|Any CPU.Build.0 = Debug|Any CPU
		{04076DF5-9C89-4084-AB69-18D166609887}.Debug|x64.ActiveCfg = Debug|Any CPU
		{04076DF5-9C89-4084-AB69-18D166609887}.Debug|x64.Build.0 = Debug|Any CPU
		{04076DF5-9C89-4084-AB69-18D166609887}.Debug|x86.ActiveCfg = Debug|Any CPU
		{04076DF5-9C89-4084-AB69-18D166609887}.Debug|x86.Build.0 = Debug|Any CPU
		{04076DF5-9C89-4084-AB69-18D166609887}.Release|Any CPU.ActiveCfg = Release|Any CPU
		{04076DF5-9C89-4084-AB69-18D166609887}.Release|Any CPU.Build.0 = Release|Any CPU
		{04076DF5-9C89-4084-AB69-18D166609887}.Release|x64.ActiveCfg = Release|Any CPU
		{04076DF5-9C89-4084-AB69-18D166609887}.Release|x64.Build.0 = Release|Any CPU
		{04076DF5-9C89-4084-AB69-18D166609887}.Release|x86.ActiveCfg = Release|Any CPU
		{04076DF5-9C89-4084-AB69-18D166609887}.Release|x86.Build.0 = Release|Any CPU
		{4D0D5042-465E-41A4-97C9-28EEDE591752}.Debug|Any CPU.ActiveCfg = Debug|Any CPU
		{4D0D5042-465E-41A4-97C9-28EEDE591752}.Debug|Any CPU.Build.0 = Debug|Any CPU
		{4D0D5042-465E-41A4-97C9-28EEDE591752}.Debug|x64.ActiveCfg = Debug|Any CPU
		{4D0D5042-465E-41A4-97C9-28EEDE591752}.Debug|x64.Build.0 = Debug|Any CPU
		{4D0D5042-465E-41A4-97C9-28EEDE591752}.Debug|x86.ActiveCfg = Debug|Any CPU
		{4D0D5042-465E-41A4-97C9-28EEDE591752}.Debug|x86.Build.0 = Debug|Any CPU
		{4D0D5042-465E-41A4-97C9-28EEDE591752}.Release|Any CPU.ActiveCfg = Release|Any CPU
		{4D0D5042-465E-41A4-97C9-28EEDE591752}.Release|Any CPU.Build.0 = Release|Any CPU
		{4D0D5042-465E-41A4-97C9-28EEDE591752}.Release|x64.ActiveCfg = Release|Any CPU
		{4D0D5042-465E-41A4-97C9-28EEDE591752}.Release|x64.Build.0 = Release|Any CPU
		{4D0D5042-465E-41A4-97C9-28EEDE591752}.Release|x86.ActiveCfg = Release|Any CPU
		{4D0D5042-465E-41A4-97C9-28EEDE591752}.Release|x86.Build.0 = Release|Any CPU
		{52945F2E-BE2E-456D-B2D7-72FA7B38F89A}.Debug|Any CPU.ActiveCfg = Debug|Any CPU
		{52945F2E-BE2E-456D-B2D7-72FA7B38F89A}.Debug|Any CPU.Build.0 = Debug|Any CPU
		{52945F2E-BE2E-456D-B2D7-72FA7B38F89A}.Debug|x64.ActiveCfg = Debug|Any CPU
		{52945F2E-BE2E-456D-B2D7-72FA7B38F89A}.Debug|x64.Build.0 = Debug|Any CPU
		{52945F2E-BE2E-456D-B2D7-72FA7B38F89A}.Debug|x86.ActiveCfg = Debug|Any CPU
		{52945F2E-BE2E-456D-B2D7-72FA7B38F89A}.Debug|x86.Build.0 = Debug|Any CPU
		{52945F2E-BE2E-456D-B2D7-72FA7B38F89A}.Release|Any CPU.ActiveCfg = Release|Any CPU
		{52945F2E-BE2E-456D-B2D7-72FA7B38F89A}.Release|Any CPU.Build.0 = Release|Any CPU
		{52945F2E-BE2E-456D-B2D7-72FA7B38F89A}.Release|x64.ActiveCfg = Release|Any CPU
		{52945F2E-BE2E-456D-B2D7-72FA7B38F89A}.Release|x64.Build.0 = Release|Any CPU
		{52945F2E-BE2E-456D-B2D7-72FA7B38F89A}.Release|x86.ActiveCfg = Release|Any CPU
		{52945F2E-BE2E-456D-B2D7-72FA7B38F89A}.Release|x86.Build.0 = Release|Any CPU
	EndGlobalSection
	GlobalSection(NestedProjects) = preSolution
		{6A0F74F2-A016-4A6D-8EAB-E0238FBE51AE} = {7CB11D4E-7FB3-42E2-B943-93182276643C}
		{5C78072A-4743-441C-855A-FB8E5A27D0D5} = {6A0F74F2-A016-4A6D-8EAB-E0238FBE51AE}
		{BF08BE9B-8ABD-49CA-B3AC-756357C8D5E5} = {7CB11D4E-7FB3-42E2-B943-93182276643C}
		{9236D0CE-2089-4319-8ED5-8AA4ED804539} = {BF08BE9B-8ABD-49CA-B3AC-756357C8D5E5}
		{AFE8F98E-5245-4A91-AC73-5E7B32A6C8C2} = {7CB11D4E-7FB3-42E2-B943-93182276643C}
		{7AB703E3-B519-44D5-B812-4A319A5F7981} = {AFE8F98E-5245-4A91-AC73-5E7B32A6C8C2}
		{63B8E9AD-B29E-4EB3-B798-D372463D748C} = {AFE8F98E-5245-4A91-AC73-5E7B32A6C8C2}
		{2DB41BDF-19C2-4AB2-9F4D-1E349BCA44C4} = {7CB11D4E-7FB3-42E2-B943-93182276643C}
		{DE070B02-1470-4D53-9AD2-ADEE8261C651} = {2DB41BDF-19C2-4AB2-9F4D-1E349BCA44C4}
		{04076DF5-9C89-4084-AB69-18D166609887} = {2DB41BDF-19C2-4AB2-9F4D-1E349BCA44C4}
		{4D0D5042-465E-41A4-97C9-28EEDE591752} = {2DB41BDF-19C2-4AB2-9F4D-1E349BCA44C4}
		{52945F2E-BE2E-456D-B2D7-72FA7B38F89A} = {2DB41BDF-19C2-4AB2-9F4D-1E349BCA44C4}
	EndGlobalSection
EndGlobal
